// !$*UTF8*$!
{
	archiveVersion = 1;
	classes = {
	};
	objectVersion = 48;
	objects = {

/* Begin PBXBuildFile section */
		959B778B20F2F9C400407824 /* AppDelegate.swift in Sources */ = {isa = PBXBuildFile; fileRef = 959B778A20F2F9C400407824 /* AppDelegate.swift */; };
		959B778D20F2F9C400407824 /* ViewController.swift in Sources */ = {isa = PBXBuildFile; fileRef = 959B778C20F2F9C400407824 /* ViewController.swift */; };
		959B779020F2F9C400407824 /* Main.storyboard in Resources */ = {isa = PBXBuildFile; fileRef = 959B778E20F2F9C400407824 /* Main.storyboard */; };
		959B779220F2F9C400407824 /* Assets.xcassets in Resources */ = {isa = PBXBuildFile; fileRef = 959B779120F2F9C400407824 /* Assets.xcassets */; };
		959B779520F2F9C400407824 /* LaunchScreen.storyboard in Resources */ = {isa = PBXBuildFile; fileRef = 959B779320F2F9C400407824 /* LaunchScreen.storyboard */; };
/* End PBXBuildFile section */

/* Begin PBXFileReference section */
		959B778720F2F9C400407824 /* JSON_URLSESSION_GET_POST_REQUEST.app */ = {isa = PBXFileReference; explicitFileType = wrapper.application; includeInIndex = 0; path = JSON_URLSESSION_GET_POST_REQUEST.app; sourceTree = BUILT_PRODUCTS_DIR; };
		959B778A20F2F9C400407824 /* AppDelegate.swift */ = {isa = PBXFileReference; lastKnownFileType = sourcecode.swift; path = AppDelegate.swift; sourceTree = "<group>"; };
		959B778C20F2F9C400407824 /* ViewController.swift */ = {isa = PBXFileReference; lastKnownFileType = sourcecode.swift; path = ViewController.swift; sourceTree = "<group>"; };
		959B778F20F2F9C400407824 /* Base */ = {isa = PBXFileReference; lastKnownFileType = file.storyboard; name = Base; path = Base.lproj/Main.storyboard; sourceTree = "<group>"; };
		959B779120F2F9C400407824 /* Assets.xcassets */ = {isa = PBXFileReference; lastKnownFileType = folder.assetcatalog; path = Assets.xcassets; sourceTree = "<group>"; };
		959B779420F2F9C400407824 /* Base */ = {isa = PBXFileReference; lastKnownFileType = file.storyboard; name = Base; path = Base.lproj/LaunchScreen.storyboard; sourceTree = "<group>"; };
		959B779620F2F9C400407824 /* Info.plist */ = {isa = PBXFileReference; lastKnownFileType = text.plist.xml; path = Info.plist; sourceTree = "<group>"; };
/* End PBXFileReference section */

/* Begin PBXFrameworksBuildPhase section */
		959B778420F2F9C400407824 /* Frameworks */ = {
			isa = PBXFrameworksBuildPhase;
			buildActionMask = 2147483647;
			files = (
			);
			runOnlyForDeploymentPostprocessing = 0;
		};
/* End PBXFrameworksBuildPhase section */

/* Begin PBXGroup section */
		959B777E20F2F9C400407824 = {
			isa = PBXGroup;
			children = (
				959B778920F2F9C400407824 /* JSON_URLSESSION_GET_POST_REQUEST */,
				959B778820F2F9C400407824 /* Products */,
			);
			sourceTree = "<group>";
		};
		959B778820F2F9C400407824 /* Products */ = {
			isa = PBXGroup;
			children = (
				959B778720F2F9C400407824 /* JSON_URLSESSION_GET_POST_REQUEST.app */,
			);
			name = Products;
			sourceTree = "<group>";
		};
		959B778920F2F9C400407824 /* JSON_URLSESSION_GET_POST_REQUEST */ = {
			isa = PBXGroup;
			children = (
				959B778A20F2F9C400407824 /* AppDelegate.swift */,
				959B778C20F2F9C400407824 /* ViewController.swift */,
				959B778E20F2F9C400407824 /* Main.storyboard */,
				959B779120F2F9C400407824 /* Assets.xcassets */,
				959B779320F2F9C400407824 /* LaunchScreen.storyboard */,
				959B779620F2F9C400407824 /* Info.plist */,
			);
			path = JSON_URLSESSION_GET_POST_REQUEST;
			sourceTree = "<group>";
		};
/* End PBXGroup section */

/* Begin PBXNativeTarget section */
		959B778620F2F9C400407824 /* JSON_URLSESSION_GET_POST_REQUEST */ = {
			isa = PBXNativeTarget;
			buildConfigurationList = 959B779920F2F9C400407824 /* Build configuration list for PBXNativeTarget "JSON_URLSESSION_GET_POST_REQUEST" */;
			buildPhases = (
				959B778320F2F9C400407824 /* Sources */,
				959B778420F2F9C400407824 /* Frameworks */,
				959B778520F2F9C400407824 /* Resources */,
			);
			buildRules = (
			);
			dependencies = (
			);
			name = JSON_URLSESSION_GET_POST_REQUEST;
			productName = JSON_URLSESSION_GET_POST_REQUEST;
			productReference = 959B778720F2F9C400407824 /* JSON_URLSESSION_GET_POST_REQUEST.app */;
			productType = "com.apple.product-type.application";
		};
/* End PBXNativeTarget section */

/* Begin PBXProject section */
		959B777F20F2F9C400407824 /* Project object */ = {
			isa = PBXProject;
			attributes = {
				LastSwiftUpdateCheck = 0920;
				LastUpgradeCheck = 0920;
				ORGANIZATIONNAME = "Ahmet Berkay CALISTI";
				TargetAttributes = {
					959B778620F2F9C400407824 = {
						CreatedOnToolsVersion = 9.2;
						ProvisioningStyle = Automatic;
					};
				};
			};
			buildConfigurationList = 959B778220F2F9C400407824 /* Build configuration list for PBXProject "JSON_URLSESSION_GET_POST_REQUEST" */;
			compatibilityVersion = "Xcode 8.0";
			developmentRegion = en;
			hasScannedForEncodings = 0;
			knownRegions = (
				en,
				Base,
			);
			mainGroup = 959B777E20F2F9C400407824;
			productRefGroup = 959B778820F2F9C400407824 /* Products */;
			projectDirPath = "";
			projectRoot = "";
			targets = (
				959B778620F2F9C400407824 /* JSON_URLSESSION_GET_POST_REQUEST */,
			);
		};
/* End PBXProject section */

/* Begin PBXResourcesBuildPhase section */
		959B778520F2F9C400407824 /* Resources */ = {
			isa = PBXResourcesBuildPhase;
			buildActionMask = 2147483647;
			files = (
				959B779520F2F9C400407824 /* LaunchScreen.storyboard in Resources */,
				959B779220F2F9C400407824 /* Assets.xcassets in Resources */,
				959B779020F2F9C400407824 /* Main.storyboard in Resources */,
			);
			runOnlyForDeploymentPostprocessing = 0;
		};
/* End PBXResourcesBuildPhase section */

/* Begin PBXSourcesBuildPhase section */
		959B778320F2F9C400407824 /* Sources */ = {
			isa = PBXSourcesBuildPhase;
			buildActionMask = 2147483647;
			files = (
				959B778D20F2F9C400407824 /* ViewController.swift in Sources */,
				959B778B20F2F9C400407824 /* AppDelegate.swift in Sources */,
			);
			runOnlyForDeploymentPostprocessing = 0;
		};
/* End PBXSourcesBuildPhase section */

/* Begin PBXVariantGroup section */
		959B778E20F2F9C400407824 /* Main.storyboard */ = {
			isa = PBXVariantGroup;
			children = (
				959B778F20F2F9C400407824 /* Base */,
			);
			name = Main.storyboard;
			sourceTree = "<group>";
		};
		959B779320F2F9C400407824 /* LaunchScreen.storyboard */ = {
			isa = PBXVariantGroup;
			children = (
				959B779420F2F9C400407824 /* Base */,
			);
			name = LaunchScreen.storyboard;
			sourceTree = "<group>";
		};
/* End PBXVariantGroup section */

/* Begin XCBuildConfiguration section */
		959B779720F2F9C400407824 /* Debug */ = {
			isa = XCBuildConfiguration;
			buildSettings = {
				ALWAYS_SEARCH_USER_PATHS = NO;
				CLANG_ANALYZER_NONNULL = YES;
				CLANG_ANALYZER_NUMBER_OBJECT_CONVERSION = YES_AGGRESSIVE;
				CLANG_CXX_LANGUAGE_STANDARD = "gnu++14";
				CLANG_CXX_LIBRARY = "libc++";
				CLANG_ENABLE_MODULES = YES;
				CLANG_ENABLE_OBJC_ARC = YES;
				CLANG_WARN_BLOCK_CAPTURE_AUTORELEASING = YES;
				CLANG_WARN_BOOL_CONVERSION = YES;
				CLANG_WARN_COMMA = YES;
				CLANG_WARN_CONSTANT_CONVERSION = YES;
				CLANG_WARN_DIRECT_OBJC_ISA_USAGE = YES_ERROR;
				CLANG_WARN_DOCUMENTATION_COMMENTS = YES;
				CLANG_WARN_EMPTY_BODY = YES;
				CLANG_WARN_ENUM_CONVERSION = YES;
				CLANG_WARN_INFINITE_RECURSION = YES;
				CLANG_WARN_INT_CONVERSION = YES;
				CLANG_WARN_NON_LITERAL_NULL_CONVERSION = YES;
				CLANG_WARN_OBJC_LITERAL_CONVERSION = YES;
				CLANG_WARN_OBJC_ROOT_CLASS = YES_ERROR;
				CLANG_WARN_RANGE_LOOP_ANALYSIS = YES;
				CLANG_WARN_STRICT_PROTOTYPES = YES;
				CLANG_WARN_SUSPICIOUS_MOVE = YES;
				CLANG_WARN_UNGUARDED_AVAILABILITY = YES_AGGRESSIVE;
				CLANG_WARN_UNREACHABLE_CODE = YES;
				CLANG_WARN__DUPLICATE_METHOD_MATCH = YES;
				CODE_SIGN_IDENTITY = "iPhone Developer";
				COPY_PHASE_STRIP = NO;
				DEBUG_INFORMATION_FORMAT = dwarf;
				ENABLE_STRICT_OBJC_MSGSEND = YES;
				ENABLE_TESTABILITY = YES;
				GCC_C_LANGUAGE_STANDARD = gnu11;
				GCC_DYNAMIC_NO_PIC = NO;
				GCC_NO_COMMON_BLOCKS = YES;
				GCC_OPTIMIZATION_LEVEL = 0;
				GCC_PREPROCESSOR_DEFINITIONS = (
					"DEBUG=1",
					"$(inherited)",
				);
				GCC_WARN_64_TO_32_BIT_CONVERSION = YES;
				GCC_WARN_ABOUT_RETURN_TYPE = YES_ERROR;
				GCC_WARN_UNDECLARED_SELECTOR = YES;
				GCC_WARN_UNINITIALIZED_AUTOS = YES_AGGRESSIVE;
				GCC_WARN_UNUSED_FUNCTION = YES;
				GCC_WARN_UNUSED_VARIABLE = YES;
				IPHONEOS_DEPLOYMENT_TARGET = 11.2;
				MTL_ENABLE_DEBUG_INFO = YES;
				ONLY_ACTIVE_ARCH = YES;
				SDKROOT = iphoneos;
				SWIFT_ACTIVE_COMPILATION_CONDITIONS = DEBUG;
				SWIFT_OPTIMIZATION_LEVEL = "-Onone";
			};
			name = Debug;
		};
		959B779820F2F9C400407824 /* Release */ = {
			isa = XCBuildConfiguration;
			buildSettings = {
				ALWAYS_SEARCH_USER_PATHS = NO;
				CLANG_ANALYZER_NONNULL = YES;
				CLANG_ANALYZER_NUMBER_OBJECT_CONVERSION = YES_AGGRESSIVE;
				CLANG_CXX_LANGUAGE_STANDARD = "gnu++14";
				CLANG_CXX_LIBRARY = "libc++";
				CLANG_ENABLE_MODULES = YES;
				CLANG_ENABLE_OBJC_ARC = YES;
				CLANG_WARN_BLOCK_CAPTURE_AUTORELEASING = YES;
				CLANG_WARN_BOOL_CONVERSION = YES;
				CLANG_WARN_COMMA = YES;
				CLANG_WARN_CONSTANT_CONVERSION = YES;
				CLANG_WARN_DIRECT_OBJC_ISA_USAGE = YES_ERROR;
				CLANG_WARN_DOCUMENTATION_COMMENTS = YES;
				CLANG_WARN_EMPTY_BODY = YES;
				CLANG_WARN_ENUM_CONVERSION = YES;
				CLANG_WARN_INFINITE_RECURSION = YES;
				CLANG_WARN_INT_CONVERSION = YES;
				CLANG_WARN_NON_LITERAL_NULL_CONVERSION = YES;
				CLANG_WARN_OBJC_LITERAL_CONVERSION = YES;
				CLANG_WARN_OBJC_ROOT_CLASS = YES_ERROR;
				CLANG_WARN_RANGE_LOOP_ANALYSIS = YES;
				CLANG_WARN_STRICT_PROTOTYPES = YES;
				CLANG_WARN_SUSPICIOUS_MOVE = YES;
				CLANG_WARN_UNGUARDED_AVAILABILITY = YES_AGGRESSIVE;
				CLANG_WARN_UNREACHABLE_CODE = YES;
				CLANG_WARN__DUPLICATE_METHOD_MATCH = YES;
				CODE_SIGN_IDENTITY = "iPhone Developer";
				COPY_PHASE_STRIP = NO;
				DEBUG_INFORMATION_FORMAT = "dwarf-with-dsym";
				ENABLE_NS_ASSERTIONS = NO;
				ENABLE_STRICT_OBJC_MSGSEND = YES;
				GCC_C_LANGUAGE_STANDARD = gnu11;
				GCC_NO_COMMON_BLOCKS = YES;
				GCC_WARN_64_TO_32_BIT_CONVERSION = YES;
				GCC_WARN_ABOUT_RETURN_TYPE = YES_ERROR;
				GCC_WARN_UNDECLARED_SELECTOR = YES;
				GCC_WARN_UNINITIALIZED_AUTOS = YES_AGGRESSIVE;
				GCC_WARN_UNUSED_FUNCTION = YES;
				GCC_WARN_UNUSED_VARIABLE = YES;
				IPHONEOS_DEPLOYMENT_TARGET = 11.2;
				MTL_ENABLE_DEBUG_INFO = NO;
				SDKROOT = iphoneos;
				SWIFT_OPTIMIZATION_LEVEL = "-Owholemodule";
				VALIDATE_PRODUCT = YES;
			};
			name = Release;
		};
		959B779A20F2F9C400407824 /* Debug */ = {
			isa = XCBuildConfiguration;
			buildSettings = {
				ASSETCATALOG_COMPILER_APPICON_NAME = AppIcon;
				CODE_SIGN_STYLE = Automatic;
				DEVELOPMENT_TEAM = 7DUBG8X95G;
				INFOPLIST_FILE = JSON_URLSESSION_GET_POST_REQUEST/Info.plist;
				LD_RUNPATH_SEARCH_PATHS = "$(inherited) @executable_path/Frameworks";
				PRODUCT_BUNDLE_IDENTIFIER = "com.ABC.JSON-URLSESSION-GET-POST-REQUEST";
				PRODUCT_NAME = "$(TARGET_NAME)";
				SWIFT_VERSION = 4.0;
				TARGETED_DEVICE_FAMILY = "1,2";
			};
			name = Debug;
		};
		959B779B20F2F9C400407824 /* Release */ = {
			isa = XCBuildConfiguration;
			buildSettings = {
				ASSETCATALOG_COMPILER_APPICON_NAME = AppIcon;
				CODE_SIGN_STYLE = Automatic;
				DEVELOPMENT_TEAM = 7DUBG8X95G;
				INFOPLIST_FILE = JSON_URLSESSION_GET_POST_REQUEST/Info.plist;
				LD_RUNPATH_SEARCH_PATHS = "$(inherited) @executable_path/Frameworks";
				PRODUCT_BUNDLE_IDENTIFIER = "com.ABC.JSON-URLSESSION-GET-POST-REQUEST";
				PRODUCT_NAME = "$(TARGET_NAME)";
				SWIFT_VERSION = 4.0;
				TARGETED_DEVICE_FAMILY = "1,2";
			};
			name = Release;
		};
/* End XCBuildConfiguration section */

/* Begin XCConfigurationList section */
		959B778220F2F9C400407824 /* Build configuration list for PBXProject "JSON_URLSESSION_GET_POST_REQUEST" */ = {
			isa = XCConfigurationList;
			buildConfigurations = (
				959B779720F2F9C400407824 /* Debug */,
				959B779820F2F9C400407824 /* Release */,
			);
			defaultConfigurationIsVisible = 0;
			defaultConfigurationName = Release;
		};
		959B779920F2F9C400407824 /* Build configuration list for PBXNativeTarget "JSON_URLSESSION_GET_POST_REQUEST" */ = {
			isa = XCConfigurationList;
			buildConfigurations = (
				959B779A20F2F9C400407824 /* Debug */,
				959B779B20F2F9C400407824 /* Release */,
			);
			defaultConfigurationIsVisible = 0;
			defaultConfigurationName = Release;
		};
/* End XCConfigurationList section */
	};
	rootObject = 959B777F20F2F9C400407824 /* Project object */;
}
